
Microsoft Visual Studio Solution File, Format Version 12.00
# Visual Studio Version 17
VisualStudioVersion = 17.10.34916.146
MinimumVisualStudioVersion = 10.0.40219.1
Project("{FAE04EC0-301F-11D3-BF4B-00C04F79EFBC}") = "BlazorApp5", "BlazorApp5\BlazorApp5.csproj", "{60697C69-C4F5-43C8-99CE-DDE2408CDF31}"
EndProject
Global
	GlobalSection(SolutionConfigurationPlatforms) = preSolution
		Debug|Any CPU = Debug|Any CPU
		Release|Any CPU = Release|Any CPU
	EndGlobalSection
	GlobalSection(ProjectConfigurationPlatforms) = postSolution
		{60697C69-C4F5-43C8-99CE-DDE2408CDF31}.Debug|Any CPU.ActiveCfg = Debug|Any CPU
		{60697C69-C4F5-43C8-99CE-DDE2408CDF31}.Debug|Any CPU.Build.0 = Debug|Any CPU
		{60697C69-C4F5-43C8-99CE-DDE2408CDF31}.Release|Any CPU.ActiveCfg = Release|Any CPU
		{60697C69-C4F5-43C8-99CE-DDE2408CDF31}.Release|Any CPU.Build.0 = Release|Any CPU
	EndGlobalSection
	GlobalSection(SolutionProperties) = preSolution
		HideSolutionNode = FALSE
	EndGlobalSection
	GlobalSection(ExtensibilityGlobals) = postSolution
		SolutionGuid = {F9FD19CA-1749-4CD9-BA04-FFCF7028E067}
	EndGlobalSection
EndGlobal
